
Microsoft Visual Studio Solution File, Format Version 12.00
# Visual Studio 15
VisualStudioVersion = 15.0.27703.2000
MinimumVisualStudioVersion = 10.0.40219.1
Project("{FAE04EC0-301F-11D3-BF4B-00C04F79EFBC}") = "lab2", "lab2\lab2.csproj", "{F82D9DEF-C30C-4A52-8FBE-68115B8D2FAB}"
EndProject
Global
	GlobalSection(SolutionConfigurationPlatforms) = preSolution
		Debug|Any CPU = Debug|Any CPU
		Release|Any CPU = Release|Any CPU
	EndGlobalSection
	GlobalSection(ProjectConfigurationPlatforms) = postSolution
		{F82D9DEF-C30C-4A52-8FBE-68115B8D2FAB}.Debug|Any CPU.ActiveCfg = Debug|Any CPU
		{F82D9DEF-C30C-4A52-8FBE-68115B8D2FAB}.Debug|Any CPU.Build.0 = Debug|Any CPU
		{F82D9DEF-C30C-4A52-8FBE-68115B8D2FAB}.Release|Any CPU.ActiveCfg = Release|Any CPU
		{F82D9DEF-C30C-4A52-8FBE-68115B8D2FAB}.Release|Any CPU.Build.0 = Release|Any CPU
	EndGlobalSection
	GlobalSection(SolutionProperties) = preSolution
		HideSolutionNode = FALSE
	EndGlobalSection
	GlobalSection(ExtensibilityGlobals) = postSolution
		SolutionGuid = {D89632F3-1896-4DC8-AE4C-5B2A2B745B15}
	EndGlobalSection
EndGlobal
